{
    "_readme": [
        "This file locks the dependencies of your project to a known state",
        "Read more about it at https://getcomposer.org/doc/01-basic-usage.md#installing-dependencies",
        "This file is @generated automatically"
    ],
    "content-hash": "f5de8e4e3a4876794c8a095468a5ef6c",
    "packages": [],
    "packages-dev": [],
    "aliases": [],
    "minimum-stability": "stable",
    "stability-flags": {},
    "prefer-stable": false,
    "prefer-lowest": false,
    "platform": {
        "php": ">=8.1",
        "ext-pdo": "*",
        "ext-pdo_mysql": "*",
        "ext-json": "*",
        "ext-mbstring": "*",
        "ext-fileinfo": "*"
    },
    "platform-dev": {},
    "plugin-api-version": "2.9.0"
}
